// !$*UTF8*$!
{
	archiveVersion = 1;
	classes = {
	};
	objectVersion = 46;
	objects = {

/* Begin PBXBuildFile section */
		487E27D51D6355D00026326B /* main.m in Sources */ = {isa = PBXBuildFile; fileRef = 487E27D41D6355D00026326B /* main.m */; };
		487E27D81D6355D00026326B /* AppDelegate.m in Sources */ = {isa = PBXBuildFile; fileRef = 487E27D71D6355D00026326B /* AppDelegate.m */; };
		487E27DE1D6355D00026326B /* Main.storyboard in Resources */ = {isa = PBXBuildFile; fileRef = 487E27DC1D6355D00026326B /* Main.storyboard */; };
		487E27E01D6355D00026326B /* Assets.xcassets in Resources */ = {isa = PBXBuildFile; fileRef = 487E27DF1D6355D00026326B /* Assets.xcassets */; };
		487E27E31D6355D00026326B /* LaunchScreen.storyboard in Resources */ = {isa = PBXBuildFile; fileRef = 487E27E11D6355D00026326B /* LaunchScreen.storyboard */; };
		487E27EE1D6355D00026326B /* CKBeeGameTests.m in Sources */ = {isa = PBXBuildFile; fileRef = 487E27ED1D6355D00026326B /* CKBeeGameTests.m */; };
		487E27FF1D63584D0026326B /* GameViewController.m in Sources */ = {isa = PBXBuildFile; fileRef = 487E27FE1D63584D0026326B /* GameViewController.m */; };
		487E28021D635D800026326B /* BaseBee.m in Sources */ = {isa = PBXBuildFile; fileRef = 487E28011D635D800026326B /* BaseBee.m */; };
		487E28051D635E750026326B /* DroneBee.m in Sources */ = {isa = PBXBuildFile; fileRef = 487E28041D635E750026326B /* DroneBee.m */; };
		487E28081D635E830026326B /* WorkerBee.m in Sources */ = {isa = PBXBuildFile; fileRef = 487E28071D635E830026326B /* WorkerBee.m */; };
		487E280B1D635E950026326B /* QueenBee.m in Sources */ = {isa = PBXBuildFile; fileRef = 487E280A1D635E950026326B /* QueenBee.m */; };
		487E280E1D635EAE0026326B /* BeeDataProvider.m in Sources */ = {isa = PBXBuildFile; fileRef = 487E280D1D635EAE0026326B /* BeeDataProvider.m */; };
		487E28111D63704E0026326B /* BaseBee+Protected.m in Sources */ = {isa = PBXBuildFile; fileRef = 487E28101D63704E0026326B /* BaseBee+Protected.m */; };
		487E28141D63825C0026326B /* BeeLifecycleGameHandler.m in Sources */ = {isa = PBXBuildFile; fileRef = 487E28131D63825C0026326B /* BeeLifecycleGameHandler.m */; };
		487E28181D63885E0026326B /* BeeView.m in Sources */ = {isa = PBXBuildFile; fileRef = 487E28171D63885E0026326B /* BeeView.m */; };
/* End PBXBuildFile section */

/* Begin PBXContainerItemProxy section */
		487E27EA1D6355D00026326B /* PBXContainerItemProxy */ = {
			isa = PBXContainerItemProxy;
			containerPortal = 487E27C81D6355D00026326B /* Project object */;
			proxyType = 1;
			remoteGlobalIDString = 487E27CF1D6355D00026326B;
			remoteInfo = CKBeeGame;
		};
/* End PBXContainerItemProxy section */

/* Begin PBXFileReference section */
		487E27D01D6355D00026326B /* CKBeeGame.app */ = {isa = PBXFileReference; explicitFileType = wrapper.application; includeInIndex = 0; path = CKBeeGame.app; sourceTree = BUILT_PRODUCTS_DIR; };
		487E27D41D6355D00026326B /* main.m */ = {isa = PBXFileReference; lastKnownFileType = sourcecode.c.objc; path = main.m; sourceTree = "<group>"; };
		487E27D61D6355D00026326B /* AppDelegate.h */ = {isa = PBXFileReference; lastKnownFileType = sourcecode.c.h; path = AppDelegate.h; sourceTree = "<group>"; };
		487E27D71D6355D00026326B /* AppDelegate.m */ = {isa = PBXFileReference; lastKnownFileType = sourcecode.c.objc; path = AppDelegate.m; sourceTree = "<group>"; };
		487E27DD1D6355D00026326B /* Base */ = {isa = PBXFileReference; lastKnownFileType = file.storyboard; name = Base; path = Base.lproj/Main.storyboard; sourceTree = "<group>"; };
		487E27DF1D6355D00026326B /* Assets.xcassets */ = {isa = PBXFileReference; lastKnownFileType = folder.assetcatalog; path = Assets.xcassets; sourceTree = "<group>"; };
		487E27E21D6355D00026326B /* Base */ = {isa = PBXFileReference; lastKnownFileType = file.storyboard; name = Base; path = Base.lproj/LaunchScreen.storyboard; sourceTree = "<group>"; };
		487E27E41D6355D00026326B /* Info.plist */ = {isa = PBXFileReference; lastKnownFileType = text.plist.xml; path = Info.plist; sourceTree = "<group>"; };
		487E27E91D6355D00026326B /* CKBeeGameTests.xctest */ = {isa = PBXFileReference; explicitFileType = wrapper.cfbundle; includeInIndex = 0; path = CKBeeGameTests.xctest; sourceTree = BUILT_PRODUCTS_DIR; };
		487E27ED1D6355D00026326B /* CKBeeGameTests.m */ = {isa = PBXFileReference; lastKnownFileType = sourcecode.c.objc; path = CKBeeGameTests.m; sourceTree = "<group>"; };
		487E27EF1D6355D00026326B /* Info.plist */ = {isa = PBXFileReference; lastKnownFileType = text.plist.xml; path = Info.plist; sourceTree = "<group>"; };
		487E27FD1D63584D0026326B /* GameViewController.h */ = {isa = PBXFileReference; fileEncoding = 4; lastKnownFileType = sourcecode.c.h; path = GameViewController.h; sourceTree = "<group>"; };
		487E27FE1D63584D0026326B /* GameViewController.m */ = {isa = PBXFileReference; fileEncoding = 4; lastKnownFileType = sourcecode.c.objc; path = GameViewController.m; sourceTree = "<group>"; };
		487E28001D635D800026326B /* BaseBee.h */ = {isa = PBXFileReference; fileEncoding = 4; lastKnownFileType = sourcecode.c.h; path = BaseBee.h; sourceTree = "<group>"; };
		487E28011D635D800026326B /* BaseBee.m */ = {isa = PBXFileReference; fileEncoding = 4; lastKnownFileType = sourcecode.c.objc; path = BaseBee.m; sourceTree = "<group>"; };
		487E28031D635E750026326B /* DroneBee.h */ = {isa = PBXFileReference; fileEncoding = 4; lastKnownFileType = sourcecode.c.h; path = DroneBee.h; sourceTree = "<group>"; };
		487E28041D635E750026326B /* DroneBee.m */ = {isa = PBXFileReference; fileEncoding = 4; lastKnownFileType = sourcecode.c.objc; path = DroneBee.m; sourceTree = "<group>"; };
		487E28061D635E830026326B /* WorkerBee.h */ = {isa = PBXFileReference; fileEncoding = 4; lastKnownFileType = sourcecode.c.h; path = WorkerBee.h; sourceTree = "<group>"; };
		487E28071D635E830026326B /* WorkerBee.m */ = {isa = PBXFileReference; fileEncoding = 4; lastKnownFileType = sourcecode.c.objc; path = WorkerBee.m; sourceTree = "<group>"; };
		487E28091D635E950026326B /* QueenBee.h */ = {isa = PBXFileReference; fileEncoding = 4; lastKnownFileType = sourcecode.c.h; path = QueenBee.h; sourceTree = "<group>"; };
		487E280A1D635E950026326B /* QueenBee.m */ = {isa = PBXFileReference; fileEncoding = 4; lastKnownFileType = sourcecode.c.objc; path = QueenBee.m; sourceTree = "<group>"; };
		487E280C1D635EAE0026326B /* BeeDataProvider.h */ = {isa = PBXFileReference; fileEncoding = 4; lastKnownFileType = sourcecode.c.h; path = BeeDataProvider.h; sourceTree = "<group>"; };
		487E280D1D635EAE0026326B /* BeeDataProvider.m */ = {isa = PBXFileReference; fileEncoding = 4; lastKnownFileType = sourcecode.c.objc; path = BeeDataProvider.m; sourceTree = "<group>"; };
		487E280F1D63704E0026326B /* BaseBee+Protected.h */ = {isa = PBXFileReference; fileEncoding = 4; lastKnownFileType = sourcecode.c.h; path = "BaseBee+Protected.h"; sourceTree = "<group>"; };
		487E28101D63704E0026326B /* BaseBee+Protected.m */ = {isa = PBXFileReference; fileEncoding = 4; lastKnownFileType = sourcecode.c.objc; path = "BaseBee+Protected.m"; sourceTree = "<group>"; };
		487E28121D63825C0026326B /* BeeLifecycleGameHandler.h */ = {isa = PBXFileReference; fileEncoding = 4; lastKnownFileType = sourcecode.c.h; path = BeeLifecycleGameHandler.h; sourceTree = "<group>"; };
		487E28131D63825C0026326B /* BeeLifecycleGameHandler.m */ = {isa = PBXFileReference; fileEncoding = 4; lastKnownFileType = sourcecode.c.objc; path = BeeLifecycleGameHandler.m; sourceTree = "<group>"; };
		487E28161D63885E0026326B /* BeeView.h */ = {isa = PBXFileReference; fileEncoding = 4; lastKnownFileType = sourcecode.c.h; path = BeeView.h; sourceTree = "<group>"; };
		487E28171D63885E0026326B /* BeeView.m */ = {isa = PBXFileReference; fileEncoding = 4; lastKnownFileType = sourcecode.c.objc; path = BeeView.m; sourceTree = "<group>"; };
/* End PBXFileReference section */

/* Begin PBXFrameworksBuildPhase section */
		487E27CD1D6355D00026326B /* Frameworks */ = {
			isa = PBXFrameworksBuildPhase;
			buildActionMask = 2147483647;
			files = (
			);
			runOnlyForDeploymentPostprocessing = 0;
		};
		487E27E61D6355D00026326B /* Frameworks */ = {
			isa = PBXFrameworksBuildPhase;
			buildActionMask = 2147483647;
			files = (
			);
			runOnlyForDeploymentPostprocessing = 0;
		};
/* End PBXFrameworksBuildPhase section */

/* Begin PBXGroup section */
		487E27C71D6355D00026326B = {
			isa = PBXGroup;
			children = (
				487E27D21D6355D00026326B /* CKBeeGame */,
				487E27EC1D6355D00026326B /* CKBeeGameTests */,
				487E27D11D6355D00026326B /* Products */,
			);
			sourceTree = "<group>";
		};
		487E27D11D6355D00026326B /* Products */ = {
			isa = PBXGroup;
			children = (
				487E27D01D6355D00026326B /* CKBeeGame.app */,
				487E27E91D6355D00026326B /* CKBeeGameTests.xctest */,
			);
			name = Products;
			sourceTree = "<group>";
		};
		487E27D21D6355D00026326B /* CKBeeGame */ = {
			isa = PBXGroup;
			children = (
				487E27D61D6355D00026326B /* AppDelegate.h */,
				487E27D71D6355D00026326B /* AppDelegate.m */,
				487E27FB1D63584D0026326B /* Models */,
				487E28151D63884E0026326B /* Views */,
				487E27FC1D63584D0026326B /* ViewControllers */,
				487E27DC1D6355D00026326B /* Main.storyboard */,
				487E27D31D6355D00026326B /* Supporting Files */,
			);
			path = CKBeeGame;
			sourceTree = "<group>";
		};
		487E27D31D6355D00026326B /* Supporting Files */ = {
			isa = PBXGroup;
			children = (
				487E27DF1D6355D00026326B /* Assets.xcassets */,
				487E27E11D6355D00026326B /* LaunchScreen.storyboard */,
				487E27E41D6355D00026326B /* Info.plist */,
				487E27D41D6355D00026326B /* main.m */,
			);
			name = "Supporting Files";
			sourceTree = "<group>";
		};
		487E27EC1D6355D00026326B /* CKBeeGameTests */ = {
			isa = PBXGroup;
			children = (
				487E27ED1D6355D00026326B /* CKBeeGameTests.m */,
				487E27EF1D6355D00026326B /* Info.plist */,
			);
			path = CKBeeGameTests;
			sourceTree = "<group>";
		};
		487E27FB1D63584D0026326B /* Models */ = {
			isa = PBXGroup;
			children = (
				487E28001D635D800026326B /* BaseBee.h */,
				487E28011D635D800026326B /* BaseBee.m */,
				487E280F1D63704E0026326B /* BaseBee+Protected.h */,
				487E28101D63704E0026326B /* BaseBee+Protected.m */,
				487E28031D635E750026326B /* DroneBee.h */,
				487E28041D635E750026326B /* DroneBee.m */,
				487E28061D635E830026326B /* WorkerBee.h */,
				487E28071D635E830026326B /* WorkerBee.m */,
				487E28091D635E950026326B /* QueenBee.h */,
				487E280A1D635E950026326B /* QueenBee.m */,
				487E280C1D635EAE0026326B /* BeeDataProvider.h */,
				487E280D1D635EAE0026326B /* BeeDataProvider.m */,
				487E28121D63825C0026326B /* BeeLifecycleGameHandler.h */,
				487E28131D63825C0026326B /* BeeLifecycleGameHandler.m */,
			);
			path = Models;
			sourceTree = "<group>";
		};
		487E27FC1D63584D0026326B /* ViewControllers */ = {
			isa = PBXGroup;
			children = (
				487E27FD1D63584D0026326B /* GameViewController.h */,
				487E27FE1D63584D0026326B /* GameViewController.m */,
			);
			path = ViewControllers;
			sourceTree = "<group>";
		};
		487E28151D63884E0026326B /* Views */ = {
			isa = PBXGroup;
			children = (
				487E28161D63885E0026326B /* BeeView.h */,
				487E28171D63885E0026326B /* BeeView.m */,
			);
			path = Views;
			sourceTree = "<group>";
		};
/* End PBXGroup section */

/* Begin PBXNativeTarget section */
		487E27CF1D6355D00026326B /* CKBeeGame */ = {
			isa = PBXNativeTarget;
			buildConfigurationList = 487E27F21D6355D00026326B /* Build configuration list for PBXNativeTarget "CKBeeGame" */;
			buildPhases = (
				487E27CC1D6355D00026326B /* Sources */,
				487E27CD1D6355D00026326B /* Frameworks */,
				487E27CE1D6355D00026326B /* Resources */,
			);
			buildRules = (
			);
			dependencies = (
			);
			name = CKBeeGame;
			productName = CKBeeGame;
			productReference = 487E27D01D6355D00026326B /* CKBeeGame.app */;
			productType = "com.apple.product-type.application";
		};
		487E27E81D6355D00026326B /* CKBeeGameTests */ = {
			isa = PBXNativeTarget;
			buildConfigurationList = 487E27F51D6355D00026326B /* Build configuration list for PBXNativeTarget "CKBeeGameTests" */;
			buildPhases = (
				487E27E51D6355D00026326B /* Sources */,
				487E27E61D6355D00026326B /* Frameworks */,
				487E27E71D6355D00026326B /* Resources */,
			);
			buildRules = (
			);
			dependencies = (
				487E27EB1D6355D00026326B /* PBXTargetDependency */,
			);
			name = CKBeeGameTests;
			productName = CKBeeGameTests;
			productReference = 487E27E91D6355D00026326B /* CKBeeGameTests.xctest */;
			productType = "com.apple.product-type.bundle.unit-test";
		};
/* End PBXNativeTarget section */

/* Begin PBXProject section */
		487E27C81D6355D00026326B /* Project object */ = {
			isa = PBXProject;
			attributes = {
				LastUpgradeCheck = 0730;
				ORGANIZATIONNAME = "Pavlo Deynega";
				TargetAttributes = {
					487E27CF1D6355D00026326B = {
						CreatedOnToolsVersion = 7.3.1;
					};
					487E27E81D6355D00026326B = {
						CreatedOnToolsVersion = 7.3.1;
						TestTargetID = 487E27CF1D6355D00026326B;
					};
				};
			};
			buildConfigurationList = 487E27CB1D6355D00026326B /* Build configuration list for PBXProject "CKBeeGame" */;
			compatibilityVersion = "Xcode 3.2";
			developmentRegion = English;
			hasScannedForEncodings = 0;
			knownRegions = (
				en,
				Base,
			);
			mainGroup = 487E27C71D6355D00026326B;
			productRefGroup = 487E27D11D6355D00026326B /* Products */;
			projectDirPath = "";
			projectRoot = "";
			targets = (
				487E27CF1D6355D00026326B /* CKBeeGame */,
				487E27E81D6355D00026326B /* CKBeeGameTests */,
			);
		};
/* End PBXProject section */

/* Begin PBXResourcesBuildPhase section */
		487E27CE1D6355D00026326B /* Resources */ = {
			isa = PBXResourcesBuildPhase;
			buildActionMask = 2147483647;
			files = (
				487E27E31D6355D00026326B /* LaunchScreen.storyboard in Resources */,
				487E27E01D6355D00026326B /* Assets.xcassets in Resources */,
				487E27DE1D6355D00026326B /* Main.storyboard in Resources */,
			);
			runOnlyForDeploymentPostprocessing = 0;
		};
		487E27E71D6355D00026326B /* Resources */ = {
			isa = PBXResourcesBuildPhase;
			buildActionMask = 2147483647;
			files = (
			);
			runOnlyForDeploymentPostprocessing = 0;
		};
/* End PBXResourcesBuildPhase section */

/* Begin PBXSourcesBuildPhase section */
		487E27CC1D6355D00026326B /* Sources */ = {
			isa = PBXSourcesBuildPhase;
			buildActionMask = 2147483647;
			files = (
				487E28081D635E830026326B /* WorkerBee.m in Sources */,
				487E27D81D6355D00026326B /* AppDelegate.m in Sources */,
				487E28181D63885E0026326B /* BeeView.m in Sources */,
				487E280B1D635E950026326B /* QueenBee.m in Sources */,
				487E27FF1D63584D0026326B /* GameViewController.m in Sources */,
				487E27D51D6355D00026326B /* main.m in Sources */,
				487E28111D63704E0026326B /* BaseBee+Protected.m in Sources */,
				487E280E1D635EAE0026326B /* BeeDataProvider.m in Sources */,
				487E28051D635E750026326B /* DroneBee.m in Sources */,
				487E28141D63825C0026326B /* BeeLifecycleGameHandler.m in Sources */,
				487E28021D635D800026326B /* BaseBee.m in Sources */,
			);
			runOnlyForDeploymentPostprocessing = 0;
		};
		487E27E51D6355D00026326B /* Sources */ = {
			isa = PBXSourcesBuildPhase;
			buildActionMask = 2147483647;
			files = (
				487E27EE1D6355D00026326B /* CKBeeGameTests.m in Sources */,
			);
			runOnlyForDeploymentPostprocessing = 0;
		};
/* End PBXSourcesBuildPhase section */

/* Begin PBXTargetDependency section */
		487E27EB1D6355D00026326B /* PBXTargetDependency */ = {
			isa = PBXTargetDependency;
			target = 487E27CF1D6355D00026326B /* CKBeeGame */;
			targetProxy = 487E27EA1D6355D00026326B /* PBXContainerItemProxy */;
		};
/* End PBXTargetDependency section */

/* Begin PBXVariantGroup section */
		487E27DC1D6355D00026326B /* Main.storyboard */ = {
			isa = PBXVariantGroup;
			children = (
				487E27DD1D6355D00026326B /* Base */,
			);
			name = Main.storyboard;
			sourceTree = "<group>";
		};
		487E27E11D6355D00026326B /* LaunchScreen.storyboard */ = {
			isa = PBXVariantGroup;
			children = (
				487E27E21D6355D00026326B /* Base */,
			);
			name = LaunchScreen.storyboard;
			sourceTree = "<group>";
		};
/* End PBXVariantGroup section */

/* Begin XCBuildConfiguration section */
		487E27F01D6355D00026326B /* Debug */ = {
			isa = XCBuildConfiguration;
			buildSettings = {
				ALWAYS_SEARCH_USER_PATHS = NO;
				CLANG_ANALYZER_NONNULL = YES;
				CLANG_CXX_LANGUAGE_STANDARD = "gnu++0x";
				CLANG_CXX_LIBRARY = "libc++";
				CLANG_ENABLE_MODULES = YES;
				CLANG_ENABLE_OBJC_ARC = YES;
				CLANG_WARN_BOOL_CONVERSION = YES;
				CLANG_WARN_CONSTANT_CONVERSION = YES;
				CLANG_WARN_DIRECT_OBJC_ISA_USAGE = YES_ERROR;
				CLANG_WARN_EMPTY_BODY = YES;
				CLANG_WARN_ENUM_CONVERSION = YES;
				CLANG_WARN_INT_CONVERSION = YES;
				CLANG_WARN_OBJC_ROOT_CLASS = YES_ERROR;
				CLANG_WARN_UNREACHABLE_CODE = YES;
				CLANG_WARN__DUPLICATE_METHOD_MATCH = YES;
				"CODE_SIGN_IDENTITY[sdk=iphoneos*]" = "iPhone Developer";
				COPY_PHASE_STRIP = NO;
				DEBUG_INFORMATION_FORMAT = dwarf;
				ENABLE_STRICT_OBJC_MSGSEND = YES;
				ENABLE_TESTABILITY = YES;
				GCC_C_LANGUAGE_STANDARD = gnu99;
				GCC_DYNAMIC_NO_PIC = NO;
				GCC_NO_COMMON_BLOCKS = YES;
				GCC_OPTIMIZATION_LEVEL = 0;
				GCC_PREPROCESSOR_DEFINITIONS = (
					"DEBUG=1",
					"$(inherited)",
				);
				GCC_WARN_64_TO_32_BIT_CONVERSION = YES;
				GCC_WARN_ABOUT_RETURN_TYPE = YES_ERROR;
				GCC_WARN_UNDECLARED_SELECTOR = YES;
				GCC_WARN_UNINITIALIZED_AUTOS = YES_AGGRESSIVE;
				GCC_WARN_UNUSED_FUNCTION = YES;
				GCC_WARN_UNUSED_VARIABLE = YES;
				IPHONEOS_DEPLOYMENT_TARGET = 9.3;
				MTL_ENABLE_DEBUG_INFO = YES;
				ONLY_ACTIVE_ARCH = YES;
				SDKROOT = iphoneos;
			};
			name = Debug;
		};
		487E27F11D6355D00026326B /* Release */ = {
			isa = XCBuildConfiguration;
			buildSettings = {
				ALWAYS_SEARCH_USER_PATHS = NO;
				CLANG_ANALYZER_NONNULL = YES;
				CLANG_CXX_LANGUAGE_STANDARD = "gnu++0x";
				CLANG_CXX_LIBRARY = "libc++";
				CLANG_ENABLE_MODULES = YES;
				CLANG_ENABLE_OBJC_ARC = YES;
				CLANG_WARN_BOOL_CONVERSION = YES;
				CLANG_WARN_CONSTANT_CONVERSION = YES;
				CLANG_WARN_DIRECT_OBJC_ISA_USAGE = YES_ERROR;
				CLANG_WARN_EMPTY_BODY = YES;
				CLANG_WARN_ENUM_CONVERSION = YES;
				CLANG_WARN_INT_CONVERSION = YES;
				CLANG_WARN_OBJC_ROOT_CLASS = YES_ERROR;
				CLANG_WARN_UNREACHABLE_CODE = YES;
				CLANG_WARN__DUPLICATE_METHOD_MATCH = YES;
				"CODE_SIGN_IDENTITY[sdk=iphoneos*]" = "iPhone Developer";
				COPY_PHASE_STRIP = NO;
				DEBUG_INFORMATION_FORMAT = "dwarf-with-dsym";
				ENABLE_NS_ASSERTIONS = NO;
				ENABLE_STRICT_OBJC_MSGSEND = YES;
				GCC_C_LANGUAGE_STANDARD = gnu99;
				GCC_NO_COMMON_BLOCKS = YES;
				GCC_WARN_64_TO_32_BIT_CONVERSION = YES;
				GCC_WARN_ABOUT_RETURN_TYPE = YES_ERROR;
				GCC_WARN_UNDECLARED_SELECTOR = YES;
				GCC_WARN_UNINITIALIZED_AUTOS = YES_AGGRESSIVE;
				GCC_WARN_UNUSED_FUNCTION = YES;
				GCC_WARN_UNUSED_VARIABLE = YES;
				IPHONEOS_DEPLOYMENT_TARGET = 9.3;
				MTL_ENABLE_DEBUG_INFO = NO;
				SDKROOT = iphoneos;
				VALIDATE_PRODUCT = YES;
			};
			name = Release;
		};
		487E27F31D6355D00026326B /* Debug */ = {
			isa = XCBuildConfiguration;
			buildSettings = {
				ASSETCATALOG_COMPILER_APPICON_NAME = AppIcon;
				INFOPLIST_FILE = CKBeeGame/Info.plist;
				LD_RUNPATH_SEARCH_PATHS = "$(inherited) @executable_path/Frameworks";
				PRODUCT_BUNDLE_IDENTIFIER = com.example.CKBeeGame;
				PRODUCT_NAME = "$(TARGET_NAME)";
			};
			name = Debug;
		};
		487E27F41D6355D00026326B /* Release */ = {
			isa = XCBuildConfiguration;
			buildSettings = {
				ASSETCATALOG_COMPILER_APPICON_NAME = AppIcon;
				INFOPLIST_FILE = CKBeeGame/Info.plist;
				LD_RUNPATH_SEARCH_PATHS = "$(inherited) @executable_path/Frameworks";
				PRODUCT_BUNDLE_IDENTIFIER = com.example.CKBeeGame;
				PRODUCT_NAME = "$(TARGET_NAME)";
			};
			name = Release;
		};
		487E27F61D6355D00026326B /* Debug */ = {
			isa = XCBuildConfiguration;
			buildSettings = {
				BUNDLE_LOADER = "$(TEST_HOST)";
				INFOPLIST_FILE = CKBeeGameTests/Info.plist;
				LD_RUNPATH_SEARCH_PATHS = "$(inherited) @executable_path/Frameworks @loader_path/Frameworks";
				PRODUCT_BUNDLE_IDENTIFIER = com.example.CKBeeGameTests;
				PRODUCT_NAME = "$(TARGET_NAME)";
				TEST_HOST = "$(BUILT_PRODUCTS_DIR)/CKBeeGame.app/CKBeeGame";
			};
			name = Debug;
		};
		487E27F71D6355D00026326B /* Release */ = {
			isa = XCBuildConfiguration;
			buildSettings = {
				BUNDLE_LOADER = "$(TEST_HOST)";
				INFOPLIST_FILE = CKBeeGameTests/Info.plist;
				LD_RUNPATH_SEARCH_PATHS = "$(inherited) @executable_path/Frameworks @loader_path/Frameworks";
				PRODUCT_BUNDLE_IDENTIFIER = com.example.CKBeeGameTests;
				PRODUCT_NAME = "$(TARGET_NAME)";
				TEST_HOST = "$(BUILT_PRODUCTS_DIR)/CKBeeGame.app/CKBeeGame";
			};
			name = Release;
		};
/* End XCBuildConfiguration section */

/* Begin XCConfigurationList section */
		487E27CB1D6355D00026326B /* Build configuration list for PBXProject "CKBeeGame" */ = {
			isa = XCConfigurationList;
			buildConfigurations = (
				487E27F01D6355D00026326B /* Debug */,
				487E27F11D6355D00026326B /* Release */,
			);
			defaultConfigurationIsVisible = 0;
			defaultConfigurationName = Release;
		};
		487E27F21D6355D00026326B /* Build configuration list for PBXNativeTarget "CKBeeGame" */ = {
			isa = XCConfigurationList;
			buildConfigurations = (
				487E27F31D6355D00026326B /* Debug */,
				487E27F41D6355D00026326B /* Release */,
			);
			defaultConfigurationIsVisible = 0;
		};
		487E27F51D6355D00026326B /* Build configuration list for PBXNativeTarget "CKBeeGameTests" */ = {
			isa = XCConfigurationList;
			buildConfigurations = (
				487E27F61D6355D00026326B /* Debug */,
				487E27F71D6355D00026326B /* Release */,
			);
			defaultConfigurationIsVisible = 0;
		};
/* End XCConfigurationList section */
	};
	rootObject = 487E27C81D6355D00026326B /* Project object */;
}
